
Microsoft Visual Studio Solution File, Format Version 12.00
# Visual Studio Version 16
VisualStudioVersion = 16.0.30804.86
MinimumVisualStudioVersion = 10.0.40219.1
Project("{FAE04EC0-301F-11D3-BF4B-00C04F79EFBC}") = "Week4Day3", "Week4Day3\Week4Day3.csproj", "{2153399C-4A37-4E09-9E03-89E249EC19A8}"
EndProject
Project("{FAE04EC0-301F-11D3-BF4B-00C04F79EFBC}") = "DelegatesDemo", "DelegatesDemo\DelegatesDemo.csproj", "{7C9566B2-F5DA-4D42-8D42-F6F13A69CD8B}"
EndProject
Global
	GlobalSection(SolutionConfigurationPlatforms) = preSolution
		Debug|Any CPU = Debug|Any CPU
		Release|Any CPU = Release|Any CPU
	EndGlobalSection
	GlobalSection(ProjectConfigurationPlatforms) = postSolution
		{2153399C-4A37-4E09-9E03-89E249EC19A8}.Debug|Any CPU.ActiveCfg = Debug|Any CPU
		{2153399C-4A37-4E09-9E03-89E249EC19A8}.Debug|Any CPU.Build.0 = Debug|Any CPU
		{2153399C-4A37-4E09-9E03-89E249EC19A8}.Release|Any CPU.ActiveCfg = Release|Any CPU
		{2153399C-4A37-4E09-9E03-89E249EC19A8}.Release|Any CPU.Build.0 = Release|Any CPU
		{7C9566B2-F5DA-4D42-8D42-F6F13A69CD8B}.Debug|Any CPU.ActiveCfg = Debug|Any CPU
		{7C9566B2-F5DA-4D42-8D42-F6F13A69CD8B}.Debug|Any CPU.Build.0 = Debug|Any CPU
		{7C9566B2-F5DA-4D42-8D42-F6F13A69CD8B}.Release|Any CPU.ActiveCfg = Release|Any CPU
		{7C9566B2-F5DA-4D42-8D42-F6F13A69CD8B}.Release|Any CPU.Build.0 = Release|Any CPU
	EndGlobalSection
	GlobalSection(SolutionProperties) = preSolution
		HideSolutionNode = FALSE
	EndGlobalSection
	GlobalSection(ExtensibilityGlobals) = postSolution
		SolutionGuid = {9BA0CDBE-DEFE-4380-A518-93C7E591BBB2}
	EndGlobalSection
EndGlobal
